
Microsoft Visual Studio Solution File, Format Version 12.00
# Visual Studio Version 17
VisualStudioVersion = 17.9.34728.123
MinimumVisualStudioVersion = 10.0.40219.1
Project("{2150E333-8FDC-42A3-9474-1A3956D46DE8}") = "Games", "Games", "{67A0A50C-1951-4263-AF12-4613C4359044}"
EndProject
Project("{9A19103F-16F7-4668-BE54-9A1E7A4F7556}") = "Platformer", "src\Games\Platformer\Platformer.csproj", "{2471554C-453A-47F4-90FF-89B7DEF3636E}"
EndProject
Project("{9A19103F-16F7-4668-BE54-9A1E7A4F7556}") = "Pong", "src\Games\Pong\Pong.csproj", "{E9ECBE7B-4B5D-4C94-A220-A669F7EEAFD9}"
EndProject
Project("{9A19103F-16F7-4668-BE54-9A1E7A4F7556}") = "SpaceGame", "src\Games\SpaceGame\SpaceGame.csproj", "{5D96ED3F-DF84-4549-A89E-442124888732}"
EndProject
Project("{9A19103F-16F7-4668-BE54-9A1E7A4F7556}") = "StarWarrior", "src\Games\StarWarrior\StarWarrior.csproj", "{0E476B69-EC71-47C6-968A-62D718954501}"
EndProject
Project("{2150E333-8FDC-42A3-9474-1A3956D46DE8}") = "Demos", "Demos", "{BAE03398-15B6-44F5-BC73-4E9ECD5AA620}"
EndProject
Project("{9A19103F-16F7-4668-BE54-9A1E7A4F7556}") = "Sandbox", "src\Demos\Sandbox\Sandbox.csproj", "{51A3FB82-FDAE-4A34-9006-C8C98274F8D1}"
EndProject
Project("{9A19103F-16F7-4668-BE54-9A1E7A4F7556}") = "Tutorials", "src\Demos\Tutorials\Tutorials.csproj", "{CEE6B044-D293-425B-946A-D814C603624B}"
EndProject
Project("{9A19103F-16F7-4668-BE54-9A1E7A4F7556}") = "Tweening", "src\Demos\Tweening\Tweening.csproj", "{E1C716CE-C0C7-4105-8E98-E62BA8D9489B}"
EndProject
Project("{2150E333-8FDC-42A3-9474-1A3956D46DE8}") = "DocumentationSamples", "DocumentationSamples", "{5993EF4F-31DC-4920-8795-716D27633844}"
EndProject
Project("{2150E333-8FDC-42A3-9474-1A3956D46DE8}") = "TextureHandling", "TextureHandling", "{63F30767-26C2-4575-83E4-B2A69DCFA268}"
EndProject
Project("{9A19103F-16F7-4668-BE54-9A1E7A4F7556}") = "Texture2DRegionSample", "src\DocumentationSamples\TextureHandling\Texture2DRegionSample\Texture2DRegionSample.csproj", "{39BFEB60-11BC-4B25-9AC8-4BC4E3C84A33}"
EndProject
Project("{9A19103F-16F7-4668-BE54-9A1E7A4F7556}") = "Texture2DAtlasSample", "src\DocumentationSamples\TextureHandling\Texture2DAtlasSample\Texture2DAtlasSample.csproj", "{B0861FA6-09C6-4F11-93A2-1AA10BE04EA3}"
EndProject
Project("{9A19103F-16F7-4668-BE54-9A1E7A4F7556}") = "SpriteSample", "src\DocumentationSamples\TextureHandling\SpriteSample\SpriteSample.csproj", "{594693DE-3962-476D-AEE7-BBC892048DF3}"
EndProject
Project("{2150E333-8FDC-42A3-9474-1A3956D46DE8}") = "2DAnimations", "2DAnimations", "{15BBEF4C-8A70-45DD-87E1-07DEE4E1D3BB}"
EndProject
Project("{9A19103F-16F7-4668-BE54-9A1E7A4F7556}") = "SpriteSheetSample", "src\DocumentationSamples\2DAnimation\SpriteSheetSample\SpriteSheetSample.csproj", "{4BE230B0-B9F5-48AA-AC12-9CD21A0516D4}"
EndProject
Project("{9A19103F-16F7-4668-BE54-9A1E7A4F7556}") = "AnimatedSpriteSample", "src\DocumentationSamples\2DAnimation\AnimatedSpriteSample\AnimatedSpriteSample.csproj", "{A39B89FA-BA7E-486F-B19F-6537E2DE4236}"
EndProject
Global
	GlobalSection(SolutionConfigurationPlatforms) = preSolution
		Debug|Any CPU = Debug|Any CPU
		Release|Any CPU = Release|Any CPU
	EndGlobalSection
	GlobalSection(ProjectConfigurationPlatforms) = postSolution
		{2471554C-453A-47F4-90FF-89B7DEF3636E}.Debug|Any CPU.ActiveCfg = Debug|Any CPU
		{2471554C-453A-47F4-90FF-89B7DEF3636E}.Debug|Any CPU.Build.0 = Debug|Any CPU
		{2471554C-453A-47F4-90FF-89B7DEF3636E}.Release|Any CPU.ActiveCfg = Release|Any CPU
		{2471554C-453A-47F4-90FF-89B7DEF3636E}.Release|Any CPU.Build.0 = Release|Any CPU
		{E9ECBE7B-4B5D-4C94-A220-A669F7EEAFD9}.Debug|Any CPU.ActiveCfg = Debug|Any CPU
		{E9ECBE7B-4B5D-4C94-A220-A669F7EEAFD9}.Debug|Any CPU.Build.0 = Debug|Any CPU
		{E9ECBE7B-4B5D-4C94-A220-A669F7EEAFD9}.Release|Any CPU.ActiveCfg = Release|Any CPU
		{E9ECBE7B-4B5D-4C94-A220-A669F7EEAFD9}.Release|Any CPU.Build.0 = Release|Any CPU
		{5D96ED3F-DF84-4549-A89E-442124888732}.Debug|Any CPU.ActiveCfg = Debug|Any CPU
		{5D96ED3F-DF84-4549-A89E-442124888732}.Debug|Any CPU.Build.0 = Debug|Any CPU
		{5D96ED3F-DF84-4549-A89E-442124888732}.Release|Any CPU.ActiveCfg = Release|Any CPU
		{5D96ED3F-DF84-4549-A89E-442124888732}.Release|Any CPU.Build.0 = Release|Any CPU
		{0E476B69-EC71-47C6-968A-62D718954501}.Debug|Any CPU.ActiveCfg = Debug|Any CPU
		{0E476B69-EC71-47C6-968A-62D718954501}.Debug|Any CPU.Build.0 = Debug|Any CPU
		{0E476B69-EC71-47C6-968A-62D718954501}.Release|Any CPU.ActiveCfg = Release|Any CPU
		{0E476B69-EC71-47C6-968A-62D718954501}.Release|Any CPU.Build.0 = Release|Any CPU
		{51A3FB82-FDAE-4A34-9006-C8C98274F8D1}.Debug|Any CPU.ActiveCfg = Debug|Any CPU
		{51A3FB82-FDAE-4A34-9006-C8C98274F8D1}.Debug|Any CPU.Build.0 = Debug|Any CPU
		{51A3FB82-FDAE-4A34-9006-C8C98274F8D1}.Release|Any CPU.ActiveCfg = Release|Any CPU
		{51A3FB82-FDAE-4A34-9006-C8C98274F8D1}.Release|Any CPU.Build.0 = Release|Any CPU
		{CEE6B044-D293-425B-946A-D814C603624B}.Debug|Any CPU.ActiveCfg = Debug|Any CPU
		{CEE6B044-D293-425B-946A-D814C603624B}.Debug|Any CPU.Build.0 = Debug|Any CPU
		{CEE6B044-D293-425B-946A-D814C603624B}.Release|Any CPU.ActiveCfg = Release|Any CPU
		{CEE6B044-D293-425B-946A-D814C603624B}.Release|Any CPU.Build.0 = Release|Any CPU
		{E1C716CE-C0C7-4105-8E98-E62BA8D9489B}.Debug|Any CPU.ActiveCfg = Debug|Any CPU
		{E1C716CE-C0C7-4105-8E98-E62BA8D9489B}.Debug|Any CPU.Build.0 = Debug|Any CPU
		{E1C716CE-C0C7-4105-8E98-E62BA8D9489B}.Release|Any CPU.ActiveCfg = Release|Any CPU
		{E1C716CE-C0C7-4105-8E98-E62BA8D9489B}.Release|Any CPU.Build.0 = Release|Any CPU
		{39BFEB60-11BC-4B25-9AC8-4BC4E3C84A33}.Debug|Any CPU.ActiveCfg = Debug|Any CPU
		{39BFEB60-11BC-4B25-9AC8-4BC4E3C84A33}.Debug|Any CPU.Build.0 = Debug|Any CPU
		{39BFEB60-11BC-4B25-9AC8-4BC4E3C84A33}.Release|Any CPU.ActiveCfg = Release|Any CPU
		{39BFEB60-11BC-4B25-9AC8-4BC4E3C84A33}.Release|Any CPU.Build.0 = Release|Any CPU
		{B0861FA6-09C6-4F11-93A2-1AA10BE04EA3}.Debug|Any CPU.ActiveCfg = Debug|Any CPU
		{B0861FA6-09C6-4F11-93A2-1AA10BE04EA3}.Debug|Any CPU.Build.0 = Debug|Any CPU
		{B0861FA6-09C6-4F11-93A2-1AA10BE04EA3}.Release|Any CPU.ActiveCfg = Release|Any CPU
		{B0861FA6-09C6-4F11-93A2-1AA10BE04EA3}.Release|Any CPU.Build.0 = Release|Any CPU
		{594693DE-3962-476D-AEE7-BBC892048DF3}.Debug|Any CPU.ActiveCfg = Debug|Any CPU
		{594693DE-3962-476D-AEE7-BBC892048DF3}.Debug|Any CPU.Build.0 = Debug|Any CPU
		{594693DE-3962-476D-AEE7-BBC892048DF3}.Release|Any CPU.ActiveCfg = Release|Any CPU
		{594693DE-3962-476D-AEE7-BBC892048DF3}.Release|Any CPU.Build.0 = Release|Any CPU
		{4BE230B0-B9F5-48AA-AC12-9CD21A0516D4}.Debug|Any CPU.ActiveCfg = Debug|Any CPU
		{4BE230B0-B9F5-48AA-AC12-9CD21A0516D4}.Debug|Any CPU.Build.0 = Debug|Any CPU
		{4BE230B0-B9F5-48AA-AC12-9CD21A0516D4}.Release|Any CPU.ActiveCfg = Release|Any CPU
		{4BE230B0-B9F5-48AA-AC12-9CD21A0516D4}.Release|Any CPU.Build.0 = Release|Any CPU
		{A39B89FA-BA7E-486F-B19F-6537E2DE4236}.Debug|Any CPU.ActiveCfg = Debug|Any CPU
		{A39B89FA-BA7E-486F-B19F-6537E2DE4236}.Debug|Any CPU.Build.0 = Debug|Any CPU
		{A39B89FA-BA7E-486F-B19F-6537E2DE4236}.Release|Any CPU.ActiveCfg = Release|Any CPU
		{A39B89FA-BA7E-486F-B19F-6537E2DE4236}.Release|Any CPU.Build.0 = Release|Any CPU
	EndGlobalSection
	GlobalSection(SolutionProperties) = preSolution
		HideSolutionNode = FALSE
	EndGlobalSection
	GlobalSection(NestedProjects) = preSolution
		{2471554C-453A-47F4-90FF-89B7DEF3636E} = {67A0A50C-1951-4263-AF12-4613C4359044}
		{E9ECBE7B-4B5D-4C94-A220-A669F7EEAFD9} = {67A0A50C-1951-4263-AF12-4613C4359044}
		{5D96ED3F-DF84-4549-A89E-442124888732} = {67A0A50C-1951-4263-AF12-4613C4359044}
		{0E476B69-EC71-47C6-968A-62D718954501} = {67A0A50C-1951-4263-AF12-4613C4359044}
		{51A3FB82-FDAE-4A34-9006-C8C98274F8D1} = {BAE03398-15B6-44F5-BC73-4E9ECD5AA620}
		{CEE6B044-D293-425B-946A-D814C603624B} = {BAE03398-15B6-44F5-BC73-4E9ECD5AA620}
		{E1C716CE-C0C7-4105-8E98-E62BA8D9489B} = {BAE03398-15B6-44F5-BC73-4E9ECD5AA620}
		{63F30767-26C2-4575-83E4-B2A69DCFA268} = {5993EF4F-31DC-4920-8795-716D27633844}
		{39BFEB60-11BC-4B25-9AC8-4BC4E3C84A33} = {63F30767-26C2-4575-83E4-B2A69DCFA268}
		{B0861FA6-09C6-4F11-93A2-1AA10BE04EA3} = {63F30767-26C2-4575-83E4-B2A69DCFA268}
		{594693DE-3962-476D-AEE7-BBC892048DF3} = {63F30767-26C2-4575-83E4-B2A69DCFA268}
		{15BBEF4C-8A70-45DD-87E1-07DEE4E1D3BB} = {5993EF4F-31DC-4920-8795-716D27633844}
		{4BE230B0-B9F5-48AA-AC12-9CD21A0516D4} = {15BBEF4C-8A70-45DD-87E1-07DEE4E1D3BB}
		{A39B89FA-BA7E-486F-B19F-6537E2DE4236} = {15BBEF4C-8A70-45DD-87E1-07DEE4E1D3BB}
	EndGlobalSection
	GlobalSection(ExtensibilityGlobals) = postSolution
		SolutionGuid = {814BEBFB-DA17-4C73-A47F-2AE2164B990F}
	EndGlobalSection
EndGlobal
