
Microsoft Visual Studio Solution File, Format Version 12.00
# Visual Studio Version 17
VisualStudioVersion = 17.5.002.0
MinimumVisualStudioVersion = 10.0.40219.1
Project("{2150E333-8FDC-42A3-9474-1A3956D46DE8}") = "Demos", "Demos", "{B3F90144-4C71-40A8-B2C2-32F204829656}"
EndProject
Project("{9A19103F-16F7-4668-BE54-9A1E7A4F7556}") = "Gui", "src\Demos\Gui\Gui.csproj", "{05651A81-755E-4FEC-AB01-1E77C70BE37F}"
EndProject
Project("{9A19103F-16F7-4668-BE54-9A1E7A4F7556}") = "Sandbox", "src\Demos\Sandbox\Sandbox.csproj", "{5E2C7B37-6A20-415F-820F-991EF51C2783}"
EndProject
Project("{9A19103F-16F7-4668-BE54-9A1E7A4F7556}") = "Tutorials", "src\Demos\Tutorials\Tutorials.csproj", "{2241BDF0-89A9-464B-9C91-97FB70571F00}"
EndProject
Project("{9A19103F-16F7-4668-BE54-9A1E7A4F7556}") = "Tweening", "src\Demos\Tweening\Tweening.csproj", "{DD192E97-07DD-4CE5-B6BC-AA433538E834}"
EndProject
Project("{2150E333-8FDC-42A3-9474-1A3956D46DE8}") = "Games", "Games", "{58FC7879-8324-49FC-81C6-B0CE97DF1C41}"
EndProject
Project("{9A19103F-16F7-4668-BE54-9A1E7A4F7556}") = "Platformer", "src\Games\Platformer\Platformer.csproj", "{A7C75C7C-36D2-408A-AE4B-1BDB7BEA19FE}"
EndProject
Project("{9A19103F-16F7-4668-BE54-9A1E7A4F7556}") = "Pong", "src\Games\Pong\Pong.csproj", "{AD1BBAEA-27B4-4965-8BFD-E83B396C4A31}"
EndProject
Project("{9A19103F-16F7-4668-BE54-9A1E7A4F7556}") = "SpaceGame", "src\Games\SpaceGame\SpaceGame.csproj", "{A0E3121B-742D-4E1D-B1B1-84DDF34D908F}"
EndProject
Project("{9A19103F-16F7-4668-BE54-9A1E7A4F7556}") = "StarWarrior", "src\Games\StarWarrior\StarWarrior.csproj", "{6DF7A9F1-4684-4428-BC44-5AEEA176B204}"
EndProject
Project("{2150E333-8FDC-42A3-9474-1A3956D46DE8}") = "Extended", "Extended", "{F03D67A6-844C-4370-9F1E-DDF528C19FAC}"
EndProject
Project("{9A19103F-16F7-4668-BE54-9A1E7A4F7556}") = "MonoGame.Extended", "..\MonoGame.Extended\source\MonoGame.Extended\MonoGame.Extended.csproj", "{16459D4C-ABDC-4F07-8A42-9D5C231B31EC}"
EndProject
Project("{9A19103F-16F7-4668-BE54-9A1E7A4F7556}") = "MonoGame.Extended.Animations", "..\MonoGame.Extended\source\MonoGame.Extended.Animations\MonoGame.Extended.Animations.csproj", "{CC2E944D-162C-4B87-B04F-868A02697288}"
EndProject
Project("{9A19103F-16F7-4668-BE54-9A1E7A4F7556}") = "MonoGame.Extended.Collisions", "..\MonoGame.Extended\source\MonoGame.Extended.Collisions\MonoGame.Extended.Collisions.csproj", "{FD1803A1-014A-4C7E-8C60-45F65821818D}"
EndProject
Project("{9A19103F-16F7-4668-BE54-9A1E7A4F7556}") = "MonoGame.Extended.Content.Pipeline", "..\MonoGame.Extended\source\MonoGame.Extended.Content.Pipeline\MonoGame.Extended.Content.Pipeline.csproj", "{FE0A263B-7B70-43F3-8E0B-A9BD39E0251C}"
EndProject
Project("{9A19103F-16F7-4668-BE54-9A1E7A4F7556}") = "MonoGame.Extended.Entities", "..\MonoGame.Extended\source\MonoGame.Extended.Entities\MonoGame.Extended.Entities.csproj", "{BCDD8D54-345B-4179-AD94-50F901231692}"
EndProject
Project("{9A19103F-16F7-4668-BE54-9A1E7A4F7556}") = "MonoGame.Extended.Graphics", "..\MonoGame.Extended\source\MonoGame.Extended.Graphics\MonoGame.Extended.Graphics.csproj", "{CBBC5B73-A789-4124-8C98-F0890AFDDA8D}"
EndProject
Project("{9A19103F-16F7-4668-BE54-9A1E7A4F7556}") = "MonoGame.Extended.Gui", "..\MonoGame.Extended\source\MonoGame.Extended.Gui\MonoGame.Extended.Gui.csproj", "{DB885DAD-0DC3-4917-ADEA-E2194DA30A7D}"
EndProject
Project("{9A19103F-16F7-4668-BE54-9A1E7A4F7556}") = "MonoGame.Extended.Input", "..\MonoGame.Extended\source\MonoGame.Extended.Input\MonoGame.Extended.Input.csproj", "{933F741C-8F7F-4B33-9C40-D33CDD603333}"
EndProject
Project("{9A19103F-16F7-4668-BE54-9A1E7A4F7556}") = "MonoGame.Extended.Particles", "..\MonoGame.Extended\source\MonoGame.Extended.Particles\MonoGame.Extended.Particles.csproj", "{2D310CE9-518B-4148-9EB0-6D8BF21045F0}"
EndProject
Project("{9A19103F-16F7-4668-BE54-9A1E7A4F7556}") = "MonoGame.Extended.Tiled", "..\MonoGame.Extended\source\MonoGame.Extended.Tiled\MonoGame.Extended.Tiled.csproj", "{249B114B-9C63-448B-934C-C13E0874C46B}"
EndProject
Project("{9A19103F-16F7-4668-BE54-9A1E7A4F7556}") = "MonoGame.Extended.Tweening", "..\MonoGame.Extended\source\MonoGame.Extended.Tweening\MonoGame.Extended.Tweening.csproj", "{17C6AC4B-779B-46CB-AD00-BF100B018997}"
EndProject
Project("{2150E333-8FDC-42A3-9474-1A3956D46DE8}") = "Samples", "Samples", "{CF1C8E50-79DD-4A77-8F26-F7B5443B2079}"
EndProject
Project("{2150E333-8FDC-42A3-9474-1A3956D46DE8}") = "Features", "Features", "{C3C9462E-3F0A-4259-A029-D58F25512961}"
EndProject
Project("{FAE04EC0-301F-11D3-BF4B-00C04F79EFBC}") = "Texture2DRegionFeature", "src\features\Texture2DRegionFeature\Texture2DRegionFeature.csproj", "{4C9A8DCA-B6C5-47A8-BF1C-E00DEC33B77A}"
EndProject
Project("{FAE04EC0-301F-11D3-BF4B-00C04F79EFBC}") = "Texture2DAtlasFeature", "src\features\Texture2DAtlasFeature\Texture2DAtlasFeature.csproj", "{82CC0545-610B-4828-81FE-C9925F699B9D}"
EndProject
Global
	GlobalSection(SolutionConfigurationPlatforms) = preSolution
		Debug|Any CPU = Debug|Any CPU
		Release|Any CPU = Release|Any CPU
	EndGlobalSection
	GlobalSection(ProjectConfigurationPlatforms) = postSolution
		{05651A81-755E-4FEC-AB01-1E77C70BE37F}.Debug|Any CPU.ActiveCfg = Debug|Any CPU
		{05651A81-755E-4FEC-AB01-1E77C70BE37F}.Debug|Any CPU.Build.0 = Debug|Any CPU
		{05651A81-755E-4FEC-AB01-1E77C70BE37F}.Release|Any CPU.ActiveCfg = Release|Any CPU
		{05651A81-755E-4FEC-AB01-1E77C70BE37F}.Release|Any CPU.Build.0 = Release|Any CPU
		{5E2C7B37-6A20-415F-820F-991EF51C2783}.Debug|Any CPU.ActiveCfg = Debug|Any CPU
		{5E2C7B37-6A20-415F-820F-991EF51C2783}.Debug|Any CPU.Build.0 = Debug|Any CPU
		{5E2C7B37-6A20-415F-820F-991EF51C2783}.Release|Any CPU.ActiveCfg = Release|Any CPU
		{5E2C7B37-6A20-415F-820F-991EF51C2783}.Release|Any CPU.Build.0 = Release|Any CPU
		{2241BDF0-89A9-464B-9C91-97FB70571F00}.Debug|Any CPU.ActiveCfg = Debug|Any CPU
		{2241BDF0-89A9-464B-9C91-97FB70571F00}.Debug|Any CPU.Build.0 = Debug|Any CPU
		{2241BDF0-89A9-464B-9C91-97FB70571F00}.Release|Any CPU.ActiveCfg = Release|Any CPU
		{2241BDF0-89A9-464B-9C91-97FB70571F00}.Release|Any CPU.Build.0 = Release|Any CPU
		{DD192E97-07DD-4CE5-B6BC-AA433538E834}.Debug|Any CPU.ActiveCfg = Debug|Any CPU
		{DD192E97-07DD-4CE5-B6BC-AA433538E834}.Debug|Any CPU.Build.0 = Debug|Any CPU
		{DD192E97-07DD-4CE5-B6BC-AA433538E834}.Release|Any CPU.ActiveCfg = Release|Any CPU
		{DD192E97-07DD-4CE5-B6BC-AA433538E834}.Release|Any CPU.Build.0 = Release|Any CPU
		{A7C75C7C-36D2-408A-AE4B-1BDB7BEA19FE}.Debug|Any CPU.ActiveCfg = Debug|Any CPU
		{A7C75C7C-36D2-408A-AE4B-1BDB7BEA19FE}.Debug|Any CPU.Build.0 = Debug|Any CPU
		{A7C75C7C-36D2-408A-AE4B-1BDB7BEA19FE}.Release|Any CPU.ActiveCfg = Release|Any CPU
		{A7C75C7C-36D2-408A-AE4B-1BDB7BEA19FE}.Release|Any CPU.Build.0 = Release|Any CPU
		{AD1BBAEA-27B4-4965-8BFD-E83B396C4A31}.Debug|Any CPU.ActiveCfg = Debug|Any CPU
		{AD1BBAEA-27B4-4965-8BFD-E83B396C4A31}.Debug|Any CPU.Build.0 = Debug|Any CPU
		{AD1BBAEA-27B4-4965-8BFD-E83B396C4A31}.Release|Any CPU.ActiveCfg = Release|Any CPU
		{AD1BBAEA-27B4-4965-8BFD-E83B396C4A31}.Release|Any CPU.Build.0 = Release|Any CPU
		{A0E3121B-742D-4E1D-B1B1-84DDF34D908F}.Debug|Any CPU.ActiveCfg = Debug|Any CPU
		{A0E3121B-742D-4E1D-B1B1-84DDF34D908F}.Debug|Any CPU.Build.0 = Debug|Any CPU
		{A0E3121B-742D-4E1D-B1B1-84DDF34D908F}.Release|Any CPU.ActiveCfg = Release|Any CPU
		{A0E3121B-742D-4E1D-B1B1-84DDF34D908F}.Release|Any CPU.Build.0 = Release|Any CPU
		{6DF7A9F1-4684-4428-BC44-5AEEA176B204}.Debug|Any CPU.ActiveCfg = Debug|Any CPU
		{6DF7A9F1-4684-4428-BC44-5AEEA176B204}.Debug|Any CPU.Build.0 = Debug|Any CPU
		{6DF7A9F1-4684-4428-BC44-5AEEA176B204}.Release|Any CPU.ActiveCfg = Release|Any CPU
		{6DF7A9F1-4684-4428-BC44-5AEEA176B204}.Release|Any CPU.Build.0 = Release|Any CPU
		{16459D4C-ABDC-4F07-8A42-9D5C231B31EC}.Debug|Any CPU.ActiveCfg = Debug|Any CPU
		{16459D4C-ABDC-4F07-8A42-9D5C231B31EC}.Debug|Any CPU.Build.0 = Debug|Any CPU
		{16459D4C-ABDC-4F07-8A42-9D5C231B31EC}.Release|Any CPU.ActiveCfg = Release|Any CPU
		{16459D4C-ABDC-4F07-8A42-9D5C231B31EC}.Release|Any CPU.Build.0 = Release|Any CPU
		{CC2E944D-162C-4B87-B04F-868A02697288}.Debug|Any CPU.ActiveCfg = Debug|Any CPU
		{CC2E944D-162C-4B87-B04F-868A02697288}.Debug|Any CPU.Build.0 = Debug|Any CPU
		{CC2E944D-162C-4B87-B04F-868A02697288}.Release|Any CPU.ActiveCfg = Release|Any CPU
		{CC2E944D-162C-4B87-B04F-868A02697288}.Release|Any CPU.Build.0 = Release|Any CPU
		{FD1803A1-014A-4C7E-8C60-45F65821818D}.Debug|Any CPU.ActiveCfg = Debug|Any CPU
		{FD1803A1-014A-4C7E-8C60-45F65821818D}.Debug|Any CPU.Build.0 = Debug|Any CPU
		{FD1803A1-014A-4C7E-8C60-45F65821818D}.Release|Any CPU.ActiveCfg = Release|Any CPU
		{FD1803A1-014A-4C7E-8C60-45F65821818D}.Release|Any CPU.Build.0 = Release|Any CPU
		{FE0A263B-7B70-43F3-8E0B-A9BD39E0251C}.Debug|Any CPU.ActiveCfg = Debug|Any CPU
		{FE0A263B-7B70-43F3-8E0B-A9BD39E0251C}.Debug|Any CPU.Build.0 = Debug|Any CPU
		{FE0A263B-7B70-43F3-8E0B-A9BD39E0251C}.Release|Any CPU.ActiveCfg = Release|Any CPU
		{FE0A263B-7B70-43F3-8E0B-A9BD39E0251C}.Release|Any CPU.Build.0 = Release|Any CPU
		{BCDD8D54-345B-4179-AD94-50F901231692}.Debug|Any CPU.ActiveCfg = Debug|Any CPU
		{BCDD8D54-345B-4179-AD94-50F901231692}.Debug|Any CPU.Build.0 = Debug|Any CPU
		{BCDD8D54-345B-4179-AD94-50F901231692}.Release|Any CPU.ActiveCfg = Release|Any CPU
		{BCDD8D54-345B-4179-AD94-50F901231692}.Release|Any CPU.Build.0 = Release|Any CPU
		{CBBC5B73-A789-4124-8C98-F0890AFDDA8D}.Debug|Any CPU.ActiveCfg = Debug|Any CPU
		{CBBC5B73-A789-4124-8C98-F0890AFDDA8D}.Debug|Any CPU.Build.0 = Debug|Any CPU
		{CBBC5B73-A789-4124-8C98-F0890AFDDA8D}.Release|Any CPU.ActiveCfg = Release|Any CPU
		{CBBC5B73-A789-4124-8C98-F0890AFDDA8D}.Release|Any CPU.Build.0 = Release|Any CPU
		{DB885DAD-0DC3-4917-ADEA-E2194DA30A7D}.Debug|Any CPU.ActiveCfg = Debug|Any CPU
		{DB885DAD-0DC3-4917-ADEA-E2194DA30A7D}.Debug|Any CPU.Build.0 = Debug|Any CPU
		{DB885DAD-0DC3-4917-ADEA-E2194DA30A7D}.Release|Any CPU.ActiveCfg = Release|Any CPU
		{DB885DAD-0DC3-4917-ADEA-E2194DA30A7D}.Release|Any CPU.Build.0 = Release|Any CPU
		{933F741C-8F7F-4B33-9C40-D33CDD603333}.Debug|Any CPU.ActiveCfg = Debug|Any CPU
		{933F741C-8F7F-4B33-9C40-D33CDD603333}.Debug|Any CPU.Build.0 = Debug|Any CPU
		{933F741C-8F7F-4B33-9C40-D33CDD603333}.Release|Any CPU.ActiveCfg = Release|Any CPU
		{933F741C-8F7F-4B33-9C40-D33CDD603333}.Release|Any CPU.Build.0 = Release|Any CPU
		{2D310CE9-518B-4148-9EB0-6D8BF21045F0}.Debug|Any CPU.ActiveCfg = Debug|Any CPU
		{2D310CE9-518B-4148-9EB0-6D8BF21045F0}.Debug|Any CPU.Build.0 = Debug|Any CPU
		{2D310CE9-518B-4148-9EB0-6D8BF21045F0}.Release|Any CPU.ActiveCfg = Release|Any CPU
		{2D310CE9-518B-4148-9EB0-6D8BF21045F0}.Release|Any CPU.Build.0 = Release|Any CPU
		{249B114B-9C63-448B-934C-C13E0874C46B}.Debug|Any CPU.ActiveCfg = Debug|Any CPU
		{249B114B-9C63-448B-934C-C13E0874C46B}.Debug|Any CPU.Build.0 = Debug|Any CPU
		{249B114B-9C63-448B-934C-C13E0874C46B}.Release|Any CPU.ActiveCfg = Release|Any CPU
		{249B114B-9C63-448B-934C-C13E0874C46B}.Release|Any CPU.Build.0 = Release|Any CPU
		{17C6AC4B-779B-46CB-AD00-BF100B018997}.Debug|Any CPU.ActiveCfg = Debug|Any CPU
		{17C6AC4B-779B-46CB-AD00-BF100B018997}.Debug|Any CPU.Build.0 = Debug|Any CPU
		{17C6AC4B-779B-46CB-AD00-BF100B018997}.Release|Any CPU.ActiveCfg = Release|Any CPU
		{17C6AC4B-779B-46CB-AD00-BF100B018997}.Release|Any CPU.Build.0 = Release|Any CPU
		{4C9A8DCA-B6C5-47A8-BF1C-E00DEC33B77A}.Debug|Any CPU.ActiveCfg = Debug|Any CPU
		{4C9A8DCA-B6C5-47A8-BF1C-E00DEC33B77A}.Debug|Any CPU.Build.0 = Debug|Any CPU
		{4C9A8DCA-B6C5-47A8-BF1C-E00DEC33B77A}.Release|Any CPU.ActiveCfg = Release|Any CPU
		{4C9A8DCA-B6C5-47A8-BF1C-E00DEC33B77A}.Release|Any CPU.Build.0 = Release|Any CPU
		{82CC0545-610B-4828-81FE-C9925F699B9D}.Debug|Any CPU.ActiveCfg = Debug|Any CPU
		{82CC0545-610B-4828-81FE-C9925F699B9D}.Debug|Any CPU.Build.0 = Debug|Any CPU
		{82CC0545-610B-4828-81FE-C9925F699B9D}.Release|Any CPU.ActiveCfg = Release|Any CPU
		{82CC0545-610B-4828-81FE-C9925F699B9D}.Release|Any CPU.Build.0 = Release|Any CPU
	EndGlobalSection
	GlobalSection(SolutionProperties) = preSolution
		HideSolutionNode = FALSE
	EndGlobalSection
	GlobalSection(NestedProjects) = preSolution
		{B3F90144-4C71-40A8-B2C2-32F204829656} = {CF1C8E50-79DD-4A77-8F26-F7B5443B2079}
		{05651A81-755E-4FEC-AB01-1E77C70BE37F} = {B3F90144-4C71-40A8-B2C2-32F204829656}
		{5E2C7B37-6A20-415F-820F-991EF51C2783} = {B3F90144-4C71-40A8-B2C2-32F204829656}
		{2241BDF0-89A9-464B-9C91-97FB70571F00} = {B3F90144-4C71-40A8-B2C2-32F204829656}
		{DD192E97-07DD-4CE5-B6BC-AA433538E834} = {B3F90144-4C71-40A8-B2C2-32F204829656}
		{58FC7879-8324-49FC-81C6-B0CE97DF1C41} = {CF1C8E50-79DD-4A77-8F26-F7B5443B2079}
		{A7C75C7C-36D2-408A-AE4B-1BDB7BEA19FE} = {58FC7879-8324-49FC-81C6-B0CE97DF1C41}
		{AD1BBAEA-27B4-4965-8BFD-E83B396C4A31} = {58FC7879-8324-49FC-81C6-B0CE97DF1C41}
		{A0E3121B-742D-4E1D-B1B1-84DDF34D908F} = {58FC7879-8324-49FC-81C6-B0CE97DF1C41}
		{6DF7A9F1-4684-4428-BC44-5AEEA176B204} = {58FC7879-8324-49FC-81C6-B0CE97DF1C41}
		{16459D4C-ABDC-4F07-8A42-9D5C231B31EC} = {F03D67A6-844C-4370-9F1E-DDF528C19FAC}
		{CC2E944D-162C-4B87-B04F-868A02697288} = {F03D67A6-844C-4370-9F1E-DDF528C19FAC}
		{FD1803A1-014A-4C7E-8C60-45F65821818D} = {F03D67A6-844C-4370-9F1E-DDF528C19FAC}
		{FE0A263B-7B70-43F3-8E0B-A9BD39E0251C} = {F03D67A6-844C-4370-9F1E-DDF528C19FAC}
		{BCDD8D54-345B-4179-AD94-50F901231692} = {F03D67A6-844C-4370-9F1E-DDF528C19FAC}
		{CBBC5B73-A789-4124-8C98-F0890AFDDA8D} = {F03D67A6-844C-4370-9F1E-DDF528C19FAC}
		{DB885DAD-0DC3-4917-ADEA-E2194DA30A7D} = {F03D67A6-844C-4370-9F1E-DDF528C19FAC}
		{933F741C-8F7F-4B33-9C40-D33CDD603333} = {F03D67A6-844C-4370-9F1E-DDF528C19FAC}
		{2D310CE9-518B-4148-9EB0-6D8BF21045F0} = {F03D67A6-844C-4370-9F1E-DDF528C19FAC}
		{249B114B-9C63-448B-934C-C13E0874C46B} = {F03D67A6-844C-4370-9F1E-DDF528C19FAC}
		{17C6AC4B-779B-46CB-AD00-BF100B018997} = {F03D67A6-844C-4370-9F1E-DDF528C19FAC}
		{4C9A8DCA-B6C5-47A8-BF1C-E00DEC33B77A} = {C3C9462E-3F0A-4259-A029-D58F25512961}
		{82CC0545-610B-4828-81FE-C9925F699B9D} = {C3C9462E-3F0A-4259-A029-D58F25512961}
	EndGlobalSection
	GlobalSection(ExtensibilityGlobals) = postSolution
		SolutionGuid = {1757D156-2A44-4058-AEE5-A91DF8098345}
	EndGlobalSection
EndGlobal
