
Microsoft Visual Studio Solution File, Format Version 12.00
# Visual Studio Version 17
VisualStudioVersion = 17.9.34728.123
MinimumVisualStudioVersion = 10.0.40219.1
Project("{2150E333-8FDC-42A3-9474-1A3956D46DE8}") = "Games", "Games", "{67A0A50C-1951-4263-AF12-4613C4359044}"
EndProject
Project("{9A19103F-16F7-4668-BE54-9A1E7A4F7556}") = "Platformer", "src\Games\Platformer\Platformer.csproj", "{2471554C-453A-47F4-90FF-89B7DEF3636E}"
EndProject
Project("{9A19103F-16F7-4668-BE54-9A1E7A4F7556}") = "Pong", "src\Games\Pong\Pong.csproj", "{E9ECBE7B-4B5D-4C94-A220-A669F7EEAFD9}"
EndProject
Project("{9A19103F-16F7-4668-BE54-9A1E7A4F7556}") = "SpaceGame", "src\Games\SpaceGame\SpaceGame.csproj", "{5D96ED3F-DF84-4549-A89E-442124888732}"
EndProject
Project("{9A19103F-16F7-4668-BE54-9A1E7A4F7556}") = "StarWarrior", "src\Games\StarWarrior\StarWarrior.csproj", "{0E476B69-EC71-47C6-968A-62D718954501}"
EndProject
Project("{2150E333-8FDC-42A3-9474-1A3956D46DE8}") = "Demos", "Demos", "{BAE03398-15B6-44F5-BC73-4E9ECD5AA620}"
EndProject
Project("{9A19103F-16F7-4668-BE54-9A1E7A4F7556}") = "Gui", "src\Demos\Gui\Gui.csproj", "{3C0DEBEA-DA3E-4F6B-86D9-7A9AC5875AD2}"
EndProject
Project("{9A19103F-16F7-4668-BE54-9A1E7A4F7556}") = "Sandbox", "src\Demos\Sandbox\Sandbox.csproj", "{51A3FB82-FDAE-4A34-9006-C8C98274F8D1}"
EndProject
Project("{9A19103F-16F7-4668-BE54-9A1E7A4F7556}") = "Tutorials", "src\Demos\Tutorials\Tutorials.csproj", "{CEE6B044-D293-425B-946A-D814C603624B}"
EndProject
Project("{9A19103F-16F7-4668-BE54-9A1E7A4F7556}") = "Tweening", "src\Demos\Tweening\Tweening.csproj", "{E1C716CE-C0C7-4105-8E98-E62BA8D9489B}"
EndProject
Project("{2150E333-8FDC-42A3-9474-1A3956D46DE8}") = "MonoGame.Extended", "MonoGame.Extended", "{73DF77B9-2227-4C31-9FA2-350EF2B4E011}"
EndProject
Project("{9A19103F-16F7-4668-BE54-9A1E7A4F7556}") = "MonoGame.Extended", "MonoGame.Extended\source\MonoGame.Extended\MonoGame.Extended.csproj", "{AAF8DE98-857C-4AB4-8B44-51EC81CF7DF8}"
EndProject
Project("{9A19103F-16F7-4668-BE54-9A1E7A4F7556}") = "MonoGame.Extended.Animations", "MonoGame.Extended\source\MonoGame.Extended.Animations\MonoGame.Extended.Animations.csproj", "{172C20FA-D4C0-4A5E-8C52-B277EB42CD29}"
EndProject
Project("{9A19103F-16F7-4668-BE54-9A1E7A4F7556}") = "MonoGame.Extended.Collisions", "MonoGame.Extended\source\MonoGame.Extended.Collisions\MonoGame.Extended.Collisions.csproj", "{CE5347BD-30F6-4315-ACE8-919A9212A6D0}"
EndProject
Project("{9A19103F-16F7-4668-BE54-9A1E7A4F7556}") = "MonoGame.Extended.Content.Pipeline", "MonoGame.Extended\source\MonoGame.Extended.Content.Pipeline\MonoGame.Extended.Content.Pipeline.csproj", "{79C9AC92-A82F-4150-912D-51022992FB05}"
EndProject
Project("{9A19103F-16F7-4668-BE54-9A1E7A4F7556}") = "MonoGame.Extended.Entities", "MonoGame.Extended\source\MonoGame.Extended.Entities\MonoGame.Extended.Entities.csproj", "{8D83DC61-1B56-4BDF-8DAF-7F759F0C551A}"
EndProject
Project("{9A19103F-16F7-4668-BE54-9A1E7A4F7556}") = "MonoGame.Extended.Graphics", "MonoGame.Extended\source\MonoGame.Extended.Graphics\MonoGame.Extended.Graphics.csproj", "{2B9E7BEA-C68D-41F8-AEAE-59C632D5477B}"
EndProject
Project("{9A19103F-16F7-4668-BE54-9A1E7A4F7556}") = "MonoGame.Extended.Input", "MonoGame.Extended\source\MonoGame.Extended.Input\MonoGame.Extended.Input.csproj", "{A0EBC6CC-2C54-486C-A832-B7C5ED1E2189}"
EndProject
Project("{9A19103F-16F7-4668-BE54-9A1E7A4F7556}") = "MonoGame.Extended.Particles", "MonoGame.Extended\source\MonoGame.Extended.Particles\MonoGame.Extended.Particles.csproj", "{CFA4A12D-D199-40DE-99DF-39EB712CCF2A}"
EndProject
Project("{9A19103F-16F7-4668-BE54-9A1E7A4F7556}") = "MonoGame.Extended.Tiled", "MonoGame.Extended\source\MonoGame.Extended.Tiled\MonoGame.Extended.Tiled.csproj", "{D8F0CDE3-35D9-44D5-878A-8EB6BA9C2F8F}"
EndProject
Project("{9A19103F-16F7-4668-BE54-9A1E7A4F7556}") = "MonoGame.Extended.Tweening", "MonoGame.Extended\source\MonoGame.Extended.Tweening\MonoGame.Extended.Tweening.csproj", "{D8D3FE63-10DF-4599-86BE-1DDB6422A00A}"
EndProject
Global
	GlobalSection(SolutionConfigurationPlatforms) = preSolution
		Debug|Any CPU = Debug|Any CPU
		Release|Any CPU = Release|Any CPU
	EndGlobalSection
	GlobalSection(ProjectConfigurationPlatforms) = postSolution
		{2471554C-453A-47F4-90FF-89B7DEF3636E}.Debug|Any CPU.ActiveCfg = Debug|Any CPU
		{2471554C-453A-47F4-90FF-89B7DEF3636E}.Debug|Any CPU.Build.0 = Debug|Any CPU
		{2471554C-453A-47F4-90FF-89B7DEF3636E}.Release|Any CPU.ActiveCfg = Release|Any CPU
		{2471554C-453A-47F4-90FF-89B7DEF3636E}.Release|Any CPU.Build.0 = Release|Any CPU
		{E9ECBE7B-4B5D-4C94-A220-A669F7EEAFD9}.Debug|Any CPU.ActiveCfg = Debug|Any CPU
		{E9ECBE7B-4B5D-4C94-A220-A669F7EEAFD9}.Debug|Any CPU.Build.0 = Debug|Any CPU
		{E9ECBE7B-4B5D-4C94-A220-A669F7EEAFD9}.Release|Any CPU.ActiveCfg = Release|Any CPU
		{E9ECBE7B-4B5D-4C94-A220-A669F7EEAFD9}.Release|Any CPU.Build.0 = Release|Any CPU
		{5D96ED3F-DF84-4549-A89E-442124888732}.Debug|Any CPU.ActiveCfg = Debug|Any CPU
		{5D96ED3F-DF84-4549-A89E-442124888732}.Debug|Any CPU.Build.0 = Debug|Any CPU
		{5D96ED3F-DF84-4549-A89E-442124888732}.Release|Any CPU.ActiveCfg = Release|Any CPU
		{5D96ED3F-DF84-4549-A89E-442124888732}.Release|Any CPU.Build.0 = Release|Any CPU
		{0E476B69-EC71-47C6-968A-62D718954501}.Debug|Any CPU.ActiveCfg = Debug|Any CPU
		{0E476B69-EC71-47C6-968A-62D718954501}.Debug|Any CPU.Build.0 = Debug|Any CPU
		{0E476B69-EC71-47C6-968A-62D718954501}.Release|Any CPU.ActiveCfg = Release|Any CPU
		{0E476B69-EC71-47C6-968A-62D718954501}.Release|Any CPU.Build.0 = Release|Any CPU
		{3C0DEBEA-DA3E-4F6B-86D9-7A9AC5875AD2}.Debug|Any CPU.ActiveCfg = Debug|Any CPU
		{3C0DEBEA-DA3E-4F6B-86D9-7A9AC5875AD2}.Debug|Any CPU.Build.0 = Debug|Any CPU
		{3C0DEBEA-DA3E-4F6B-86D9-7A9AC5875AD2}.Release|Any CPU.ActiveCfg = Release|Any CPU
		{3C0DEBEA-DA3E-4F6B-86D9-7A9AC5875AD2}.Release|Any CPU.Build.0 = Release|Any CPU
		{51A3FB82-FDAE-4A34-9006-C8C98274F8D1}.Debug|Any CPU.ActiveCfg = Debug|Any CPU
		{51A3FB82-FDAE-4A34-9006-C8C98274F8D1}.Debug|Any CPU.Build.0 = Debug|Any CPU
		{51A3FB82-FDAE-4A34-9006-C8C98274F8D1}.Release|Any CPU.ActiveCfg = Release|Any CPU
		{51A3FB82-FDAE-4A34-9006-C8C98274F8D1}.Release|Any CPU.Build.0 = Release|Any CPU
		{CEE6B044-D293-425B-946A-D814C603624B}.Debug|Any CPU.ActiveCfg = Debug|Any CPU
		{CEE6B044-D293-425B-946A-D814C603624B}.Debug|Any CPU.Build.0 = Debug|Any CPU
		{CEE6B044-D293-425B-946A-D814C603624B}.Release|Any CPU.ActiveCfg = Release|Any CPU
		{CEE6B044-D293-425B-946A-D814C603624B}.Release|Any CPU.Build.0 = Release|Any CPU
		{E1C716CE-C0C7-4105-8E98-E62BA8D9489B}.Debug|Any CPU.ActiveCfg = Debug|Any CPU
		{E1C716CE-C0C7-4105-8E98-E62BA8D9489B}.Debug|Any CPU.Build.0 = Debug|Any CPU
		{E1C716CE-C0C7-4105-8E98-E62BA8D9489B}.Release|Any CPU.ActiveCfg = Release|Any CPU
		{E1C716CE-C0C7-4105-8E98-E62BA8D9489B}.Release|Any CPU.Build.0 = Release|Any CPU
		{AAF8DE98-857C-4AB4-8B44-51EC81CF7DF8}.Debug|Any CPU.ActiveCfg = Debug|Any CPU
		{AAF8DE98-857C-4AB4-8B44-51EC81CF7DF8}.Debug|Any CPU.Build.0 = Debug|Any CPU
		{AAF8DE98-857C-4AB4-8B44-51EC81CF7DF8}.Release|Any CPU.ActiveCfg = Release|Any CPU
		{AAF8DE98-857C-4AB4-8B44-51EC81CF7DF8}.Release|Any CPU.Build.0 = Release|Any CPU
		{172C20FA-D4C0-4A5E-8C52-B277EB42CD29}.Debug|Any CPU.ActiveCfg = Debug|Any CPU
		{172C20FA-D4C0-4A5E-8C52-B277EB42CD29}.Debug|Any CPU.Build.0 = Debug|Any CPU
		{172C20FA-D4C0-4A5E-8C52-B277EB42CD29}.Release|Any CPU.ActiveCfg = Release|Any CPU
		{172C20FA-D4C0-4A5E-8C52-B277EB42CD29}.Release|Any CPU.Build.0 = Release|Any CPU
		{CE5347BD-30F6-4315-ACE8-919A9212A6D0}.Debug|Any CPU.ActiveCfg = Debug|Any CPU
		{CE5347BD-30F6-4315-ACE8-919A9212A6D0}.Debug|Any CPU.Build.0 = Debug|Any CPU
		{CE5347BD-30F6-4315-ACE8-919A9212A6D0}.Release|Any CPU.ActiveCfg = Release|Any CPU
		{CE5347BD-30F6-4315-ACE8-919A9212A6D0}.Release|Any CPU.Build.0 = Release|Any CPU
		{79C9AC92-A82F-4150-912D-51022992FB05}.Debug|Any CPU.ActiveCfg = Debug|Any CPU
		{79C9AC92-A82F-4150-912D-51022992FB05}.Debug|Any CPU.Build.0 = Debug|Any CPU
		{79C9AC92-A82F-4150-912D-51022992FB05}.Release|Any CPU.ActiveCfg = Release|Any CPU
		{79C9AC92-A82F-4150-912D-51022992FB05}.Release|Any CPU.Build.0 = Release|Any CPU
		{8D83DC61-1B56-4BDF-8DAF-7F759F0C551A}.Debug|Any CPU.ActiveCfg = Debug|Any CPU
		{8D83DC61-1B56-4BDF-8DAF-7F759F0C551A}.Debug|Any CPU.Build.0 = Debug|Any CPU
		{8D83DC61-1B56-4BDF-8DAF-7F759F0C551A}.Release|Any CPU.ActiveCfg = Release|Any CPU
		{8D83DC61-1B56-4BDF-8DAF-7F759F0C551A}.Release|Any CPU.Build.0 = Release|Any CPU
		{2B9E7BEA-C68D-41F8-AEAE-59C632D5477B}.Debug|Any CPU.ActiveCfg = Debug|Any CPU
		{2B9E7BEA-C68D-41F8-AEAE-59C632D5477B}.Debug|Any CPU.Build.0 = Debug|Any CPU
		{2B9E7BEA-C68D-41F8-AEAE-59C632D5477B}.Release|Any CPU.ActiveCfg = Release|Any CPU
		{2B9E7BEA-C68D-41F8-AEAE-59C632D5477B}.Release|Any CPU.Build.0 = Release|Any CPU
		{A0EBC6CC-2C54-486C-A832-B7C5ED1E2189}.Debug|Any CPU.ActiveCfg = Debug|Any CPU
		{A0EBC6CC-2C54-486C-A832-B7C5ED1E2189}.Debug|Any CPU.Build.0 = Debug|Any CPU
		{A0EBC6CC-2C54-486C-A832-B7C5ED1E2189}.Release|Any CPU.ActiveCfg = Release|Any CPU
		{A0EBC6CC-2C54-486C-A832-B7C5ED1E2189}.Release|Any CPU.Build.0 = Release|Any CPU
		{CFA4A12D-D199-40DE-99DF-39EB712CCF2A}.Debug|Any CPU.ActiveCfg = Debug|Any CPU
		{CFA4A12D-D199-40DE-99DF-39EB712CCF2A}.Debug|Any CPU.Build.0 = Debug|Any CPU
		{CFA4A12D-D199-40DE-99DF-39EB712CCF2A}.Release|Any CPU.ActiveCfg = Release|Any CPU
		{CFA4A12D-D199-40DE-99DF-39EB712CCF2A}.Release|Any CPU.Build.0 = Release|Any CPU
		{D8F0CDE3-35D9-44D5-878A-8EB6BA9C2F8F}.Debug|Any CPU.ActiveCfg = Debug|Any CPU
		{D8F0CDE3-35D9-44D5-878A-8EB6BA9C2F8F}.Debug|Any CPU.Build.0 = Debug|Any CPU
		{D8F0CDE3-35D9-44D5-878A-8EB6BA9C2F8F}.Release|Any CPU.ActiveCfg = Release|Any CPU
		{D8F0CDE3-35D9-44D5-878A-8EB6BA9C2F8F}.Release|Any CPU.Build.0 = Release|Any CPU
		{D8D3FE63-10DF-4599-86BE-1DDB6422A00A}.Debug|Any CPU.ActiveCfg = Debug|Any CPU
		{D8D3FE63-10DF-4599-86BE-1DDB6422A00A}.Debug|Any CPU.Build.0 = Debug|Any CPU
		{D8D3FE63-10DF-4599-86BE-1DDB6422A00A}.Release|Any CPU.ActiveCfg = Release|Any CPU
		{D8D3FE63-10DF-4599-86BE-1DDB6422A00A}.Release|Any CPU.Build.0 = Release|Any CPU
	EndGlobalSection
	GlobalSection(SolutionProperties) = preSolution
		HideSolutionNode = FALSE
	EndGlobalSection
	GlobalSection(NestedProjects) = preSolution
		{2471554C-453A-47F4-90FF-89B7DEF3636E} = {67A0A50C-1951-4263-AF12-4613C4359044}
		{E9ECBE7B-4B5D-4C94-A220-A669F7EEAFD9} = {67A0A50C-1951-4263-AF12-4613C4359044}
		{5D96ED3F-DF84-4549-A89E-442124888732} = {67A0A50C-1951-4263-AF12-4613C4359044}
		{0E476B69-EC71-47C6-968A-62D718954501} = {67A0A50C-1951-4263-AF12-4613C4359044}
		{3C0DEBEA-DA3E-4F6B-86D9-7A9AC5875AD2} = {BAE03398-15B6-44F5-BC73-4E9ECD5AA620}
		{51A3FB82-FDAE-4A34-9006-C8C98274F8D1} = {BAE03398-15B6-44F5-BC73-4E9ECD5AA620}
		{CEE6B044-D293-425B-946A-D814C603624B} = {BAE03398-15B6-44F5-BC73-4E9ECD5AA620}
		{E1C716CE-C0C7-4105-8E98-E62BA8D9489B} = {BAE03398-15B6-44F5-BC73-4E9ECD5AA620}
		{AAF8DE98-857C-4AB4-8B44-51EC81CF7DF8} = {73DF77B9-2227-4C31-9FA2-350EF2B4E011}
		{172C20FA-D4C0-4A5E-8C52-B277EB42CD29} = {73DF77B9-2227-4C31-9FA2-350EF2B4E011}
		{CE5347BD-30F6-4315-ACE8-919A9212A6D0} = {73DF77B9-2227-4C31-9FA2-350EF2B4E011}
		{79C9AC92-A82F-4150-912D-51022992FB05} = {73DF77B9-2227-4C31-9FA2-350EF2B4E011}
		{8D83DC61-1B56-4BDF-8DAF-7F759F0C551A} = {73DF77B9-2227-4C31-9FA2-350EF2B4E011}
		{2B9E7BEA-C68D-41F8-AEAE-59C632D5477B} = {73DF77B9-2227-4C31-9FA2-350EF2B4E011}
		{A0EBC6CC-2C54-486C-A832-B7C5ED1E2189} = {73DF77B9-2227-4C31-9FA2-350EF2B4E011}
		{CFA4A12D-D199-40DE-99DF-39EB712CCF2A} = {73DF77B9-2227-4C31-9FA2-350EF2B4E011}
		{D8F0CDE3-35D9-44D5-878A-8EB6BA9C2F8F} = {73DF77B9-2227-4C31-9FA2-350EF2B4E011}
		{D8D3FE63-10DF-4599-86BE-1DDB6422A00A} = {73DF77B9-2227-4C31-9FA2-350EF2B4E011}
	EndGlobalSection
	GlobalSection(ExtensibilityGlobals) = postSolution
		SolutionGuid = {814BEBFB-DA17-4C73-A47F-2AE2164B990F}
	EndGlobalSection
EndGlobal
