
Microsoft Visual Studio Solution File, Format Version 12.00
Project("{2150E333-8FDC-42A3-9474-1A3956D46DE8}") = "Games", "Games", "{67A0A50C-1951-4263-AF12-4613C4359044}"
EndProject
Project("{9A19103F-16F7-4668-BE54-9A1E7A4F7556}") = "Platformer", "Games\Platformer\Platformer.csproj", "{2471554C-453A-47F4-90FF-89B7DEF3636E}"
EndProject
Project("{9A19103F-16F7-4668-BE54-9A1E7A4F7556}") = "Pong", "Games\Pong\Pong.csproj", "{E9ECBE7B-4B5D-4C94-A220-A669F7EEAFD9}"
EndProject
Project("{9A19103F-16F7-4668-BE54-9A1E7A4F7556}") = "SpaceGame", "Games\SpaceGame\SpaceGame.csproj", "{5D96ED3F-DF84-4549-A89E-442124888732}"
EndProject
Project("{9A19103F-16F7-4668-BE54-9A1E7A4F7556}") = "StarWarrior", "Games\StarWarrior\StarWarrior.csproj", "{0E476B69-EC71-47C6-968A-62D718954501}"
EndProject
Project("{2150E333-8FDC-42A3-9474-1A3956D46DE8}") = "Demos", "Demos", "{BAE03398-15B6-44F5-BC73-4E9ECD5AA620}"
EndProject
Project("{9A19103F-16F7-4668-BE54-9A1E7A4F7556}") = "Gui", "Demos\Gui\Gui.csproj", "{3C0DEBEA-DA3E-4F6B-86D9-7A9AC5875AD2}"
EndProject
Project("{9A19103F-16F7-4668-BE54-9A1E7A4F7556}") = "Sandbox", "Demos\Sandbox\Sandbox.csproj", "{51A3FB82-FDAE-4A34-9006-C8C98274F8D1}"
EndProject
Project("{9A19103F-16F7-4668-BE54-9A1E7A4F7556}") = "Tutorials", "Demos\Tutorials\Tutorials.csproj", "{CEE6B044-D293-425B-946A-D814C603624B}"
EndProject
Project("{9A19103F-16F7-4668-BE54-9A1E7A4F7556}") = "Tweening", "Demos\Tweening\Tweening.csproj", "{E1C716CE-C0C7-4105-8E98-E62BA8D9489B}"
EndProject
Global
	GlobalSection(SolutionConfigurationPlatforms) = preSolution
		Debug|Any CPU = Debug|Any CPU
		Release|Any CPU = Release|Any CPU
	EndGlobalSection
	GlobalSection(NestedProjects) = preSolution
		{2471554C-453A-47F4-90FF-89B7DEF3636E} = {67A0A50C-1951-4263-AF12-4613C4359044}
		{E9ECBE7B-4B5D-4C94-A220-A669F7EEAFD9} = {67A0A50C-1951-4263-AF12-4613C4359044}
		{5D96ED3F-DF84-4549-A89E-442124888732} = {67A0A50C-1951-4263-AF12-4613C4359044}
		{0E476B69-EC71-47C6-968A-62D718954501} = {67A0A50C-1951-4263-AF12-4613C4359044}
		{3C0DEBEA-DA3E-4F6B-86D9-7A9AC5875AD2} = {BAE03398-15B6-44F5-BC73-4E9ECD5AA620}
		{51A3FB82-FDAE-4A34-9006-C8C98274F8D1} = {BAE03398-15B6-44F5-BC73-4E9ECD5AA620}
		{CEE6B044-D293-425B-946A-D814C603624B} = {BAE03398-15B6-44F5-BC73-4E9ECD5AA620}
		{E1C716CE-C0C7-4105-8E98-E62BA8D9489B} = {BAE03398-15B6-44F5-BC73-4E9ECD5AA620}
	EndGlobalSection
	GlobalSection(ProjectConfigurationPlatforms) = postSolution
		{2471554C-453A-47F4-90FF-89B7DEF3636E}.Debug|Any CPU.ActiveCfg = Debug|Any CPU
		{2471554C-453A-47F4-90FF-89B7DEF3636E}.Debug|Any CPU.Build.0 = Debug|Any CPU
		{2471554C-453A-47F4-90FF-89B7DEF3636E}.Release|Any CPU.ActiveCfg = Release|Any CPU
		{2471554C-453A-47F4-90FF-89B7DEF3636E}.Release|Any CPU.Build.0 = Release|Any CPU
		{E9ECBE7B-4B5D-4C94-A220-A669F7EEAFD9}.Debug|Any CPU.ActiveCfg = Debug|Any CPU
		{E9ECBE7B-4B5D-4C94-A220-A669F7EEAFD9}.Debug|Any CPU.Build.0 = Debug|Any CPU
		{E9ECBE7B-4B5D-4C94-A220-A669F7EEAFD9}.Release|Any CPU.ActiveCfg = Release|Any CPU
		{E9ECBE7B-4B5D-4C94-A220-A669F7EEAFD9}.Release|Any CPU.Build.0 = Release|Any CPU
		{5D96ED3F-DF84-4549-A89E-442124888732}.Debug|Any CPU.ActiveCfg = Debug|Any CPU
		{5D96ED3F-DF84-4549-A89E-442124888732}.Debug|Any CPU.Build.0 = Debug|Any CPU
		{5D96ED3F-DF84-4549-A89E-442124888732}.Release|Any CPU.ActiveCfg = Release|Any CPU
		{5D96ED3F-DF84-4549-A89E-442124888732}.Release|Any CPU.Build.0 = Release|Any CPU
		{0E476B69-EC71-47C6-968A-62D718954501}.Debug|Any CPU.ActiveCfg = Debug|Any CPU
		{0E476B69-EC71-47C6-968A-62D718954501}.Debug|Any CPU.Build.0 = Debug|Any CPU
		{0E476B69-EC71-47C6-968A-62D718954501}.Release|Any CPU.ActiveCfg = Release|Any CPU
		{0E476B69-EC71-47C6-968A-62D718954501}.Release|Any CPU.Build.0 = Release|Any CPU
		{3C0DEBEA-DA3E-4F6B-86D9-7A9AC5875AD2}.Debug|Any CPU.ActiveCfg = Debug|Any CPU
		{3C0DEBEA-DA3E-4F6B-86D9-7A9AC5875AD2}.Debug|Any CPU.Build.0 = Debug|Any CPU
		{3C0DEBEA-DA3E-4F6B-86D9-7A9AC5875AD2}.Release|Any CPU.ActiveCfg = Release|Any CPU
		{3C0DEBEA-DA3E-4F6B-86D9-7A9AC5875AD2}.Release|Any CPU.Build.0 = Release|Any CPU
		{51A3FB82-FDAE-4A34-9006-C8C98274F8D1}.Debug|Any CPU.ActiveCfg = Debug|Any CPU
		{51A3FB82-FDAE-4A34-9006-C8C98274F8D1}.Debug|Any CPU.Build.0 = Debug|Any CPU
		{51A3FB82-FDAE-4A34-9006-C8C98274F8D1}.Release|Any CPU.ActiveCfg = Release|Any CPU
		{51A3FB82-FDAE-4A34-9006-C8C98274F8D1}.Release|Any CPU.Build.0 = Release|Any CPU
		{CEE6B044-D293-425B-946A-D814C603624B}.Debug|Any CPU.ActiveCfg = Debug|Any CPU
		{CEE6B044-D293-425B-946A-D814C603624B}.Debug|Any CPU.Build.0 = Debug|Any CPU
		{CEE6B044-D293-425B-946A-D814C603624B}.Release|Any CPU.ActiveCfg = Release|Any CPU
		{CEE6B044-D293-425B-946A-D814C603624B}.Release|Any CPU.Build.0 = Release|Any CPU
		{E1C716CE-C0C7-4105-8E98-E62BA8D9489B}.Debug|Any CPU.ActiveCfg = Debug|Any CPU
		{E1C716CE-C0C7-4105-8E98-E62BA8D9489B}.Debug|Any CPU.Build.0 = Debug|Any CPU
		{E1C716CE-C0C7-4105-8E98-E62BA8D9489B}.Release|Any CPU.ActiveCfg = Release|Any CPU
		{E1C716CE-C0C7-4105-8E98-E62BA8D9489B}.Release|Any CPU.Build.0 = Release|Any CPU
	EndGlobalSection
EndGlobal
