
Microsoft Visual Studio Solution File, Format Version 12.00
# Visual Studio Version 17
VisualStudioVersion = 17.10.35122.118
MinimumVisualStudioVersion = 10.0.40219.1
Project("{FAE04EC0-301F-11D3-BF4B-00C04F79EFBC}") = "camera", "OrthographicCamera\OrthographicCamera.csproj", "{06A1CD1C-F434-4E0E-9C48-06067358FB9D}"
EndProject
Global
	GlobalSection(SolutionConfigurationPlatforms) = preSolution
		Debug|Any CPU = Debug|Any CPU
		Release|Any CPU = Release|Any CPU
	EndGlobalSection
	GlobalSection(ProjectConfigurationPlatforms) = postSolution
		{06A1CD1C-F434-4E0E-9C48-06067358FB9D}.Debug|Any CPU.ActiveCfg = Debug|Any CPU
		{06A1CD1C-F434-4E0E-9C48-06067358FB9D}.Debug|Any CPU.Build.0 = Debug|Any CPU
		{06A1CD1C-F434-4E0E-9C48-06067358FB9D}.Release|Any CPU.ActiveCfg = Release|Any CPU
		{06A1CD1C-F434-4E0E-9C48-06067358FB9D}.Release|Any CPU.Build.0 = Release|Any CPU
	EndGlobalSection
	GlobalSection(SolutionProperties) = preSolution
		HideSolutionNode = FALSE
	EndGlobalSection
	GlobalSection(ExtensibilityGlobals) = postSolution
		SolutionGuid = {32F96F01-2124-4A9C-A1D2-C139DA5E2931}
	EndGlobalSection
EndGlobal
