
Microsoft Visual Studio Solution File, Format Version 12.00
# Visual Studio Version 17
VisualStudioVersion = 17.10.35201.131
MinimumVisualStudioVersion = 10.0.40219.1
Project("{9A19103F-16F7-4668-BE54-9A1E7A4F7556}") = "Collections", "Collections\Collections.csproj", "{D35BFA4F-8F4E-4019-B279-CB438CE3068A}"
EndProject
Global
	GlobalSection(SolutionConfigurationPlatforms) = preSolution
		Debug|Any CPU = Debug|Any CPU
		Release|Any CPU = Release|Any CPU
	EndGlobalSection
	GlobalSection(ProjectConfigurationPlatforms) = postSolution
		{D35BFA4F-8F4E-4019-B279-CB438CE3068A}.Debug|Any CPU.ActiveCfg = Debug|Any CPU
		{D35BFA4F-8F4E-4019-B279-CB438CE3068A}.Debug|Any CPU.Build.0 = Debug|Any CPU
		{D35BFA4F-8F4E-4019-B279-CB438CE3068A}.Release|Any CPU.ActiveCfg = Release|Any CPU
		{D35BFA4F-8F4E-4019-B279-CB438CE3068A}.Release|Any CPU.Build.0 = Release|Any CPU
	EndGlobalSection
	GlobalSection(SolutionProperties) = preSolution
		HideSolutionNode = FALSE
	EndGlobalSection
	GlobalSection(ExtensibilityGlobals) = postSolution
		SolutionGuid = {37B79ABE-3579-492B-BAB9-4ADEE64E2A73}
	EndGlobalSection
EndGlobal
